{
  "name": "micro-eth-signer",
  "version": "0.11.0",
  "lockfileVersion": 3,
  "requires": true,
  "packages": {
    "": {
      "name": "micro-eth-signer",
      "version": "0.11.0",
      "license": "MIT",
      "dependencies": {
        "@noble/curves": "~1.6.0",
        "@noble/hashes": "~1.5.0",
        "micro-packed": "~0.6.3"
      },
      "devDependencies": {
        "@paulmillr/jsbt": "0.2.1",
        "@paulmillr/trusted-setups": "0.1.2",
        "micro-bmark": "0.3.1",
        "micro-ftch": "0.4.0",
        "micro-should": "0.4.0",
        "prettier": "3.3.2",
        "snappyjs": "0.7.0",
        "typescript": "5.5.2",
        "yaml": "2.4.1"
      }
    },
    "node_modules/@noble/curves": {
      "version": "1.6.0",
      "resolved": "https://registry.npmjs.org/@noble/curves/-/curves-1.6.0.tgz",
      "integrity": "sha512-TlaHRXDehJuRNR9TfZDNQ45mMEd5dwUwmicsafcIX4SsNiqnCHKjE/1alYPd/lDRVhxdhUAlv8uEhMCI5zjIJQ==",
      "license": "MIT",
      "dependencies": {
        "@noble/hashes": "1.5.0"
      },
      "engines": {
        "node": "^14.21.3 || >=16"
      },
      "funding": {
        "url": "https://paulmillr.com/funding/"
      }
    },
    "node_modules/@noble/hashes": {
      "version": "1.5.0",
      "resolved": "https://registry.npmjs.org/@noble/hashes/-/hashes-1.5.0.tgz",
      "integrity": "sha512-1j6kQFb7QRru7eKN3ZDvRcP13rugwdxZqCjbiAVZfIJwgj2A65UmT4TgARXGlXgnRkORLTDTrO19ZErt7+QXgA==",
      "license": "MIT",
      "engines": {
        "node": "^14.21.3 || >=16"
      },
      "funding": {
        "url": "https://paulmillr.com/funding/"
      }
    },
    "node_modules/@paulmillr/jsbt": {
      "version": "0.2.1",
      "resolved": "https://registry.npmjs.org/@paulmillr/jsbt/-/jsbt-0.2.1.tgz",
      "integrity": "sha512-4uC/Fa8L8oYjLNPKBqHKCwLv/47s/Asa4Z/rL584YvViPtlFdxBeCFX6knCZxX5gn6n+2YUdr50Q1sIuUNma5Q==",
      "dev": true,
      "license": "MIT",
      "bin": {
        "jsbt": "jsbt.js"
      }
    },
    "node_modules/@paulmillr/trusted-setups": {
      "version": "0.1.2",
      "resolved": "https://registry.npmjs.org/@paulmillr/trusted-setups/-/trusted-setups-0.1.2.tgz",
      "integrity": "sha512-NKpT0G4Blj+Vp9lbfczb7iPJm3B4njpzX8NXiQs8G51N4CLndCvLqEvksFlTJbNLwl3iwsGZHSvJRdfhfOHLwQ==",
      "dev": true,
      "license": "MIT"
    },
    "node_modules/@scure/base": {
      "version": "1.1.8",
      "resolved": "https://registry.npmjs.org/@scure/base/-/base-1.1.8.tgz",
      "integrity": "sha512-6CyAclxj3Nb0XT7GHK6K4zK6k2xJm6E4Ft0Ohjt4WgegiFUHEtFb2CGzmPmGBwoIhrLsqNLYfLr04Y1GePrzZg==",
      "license": "MIT",
      "funding": {
        "url": "https://paulmillr.com/funding/"
      }
    },
    "node_modules/micro-bmark": {
      "version": "0.3.1",
      "resolved": "https://registry.npmjs.org/micro-bmark/-/micro-bmark-0.3.1.tgz",
      "integrity": "sha512-bNaKObD4yPAAPrpEqp5jO6LJ2sEFgLoFSmRjEY809mJ62+2AehI/K3+RlVpN3Oo92RHpgC2RQhj6b1Tb4dmo+w==",
      "dev": true,
      "license": "MIT"
    },
    "node_modules/micro-ftch": {
      "version": "0.4.0",
      "resolved": "https://registry.npmjs.org/micro-ftch/-/micro-ftch-0.4.0.tgz",
      "integrity": "sha512-1SEH+syTsMQMQByZGJeMAiBxJIRu/3gG1z1+tHexgtXtXgwQy1C5JVBtXRdMZOIx9flerUBCJtmtVl7szwWgxQ==",
      "dev": true,
      "license": "MIT",
      "funding": {
        "url": "https://paulmillr.com/funding/"
      }
    },
    "node_modules/micro-packed": {
      "version": "0.6.3",
      "resolved": "https://registry.npmjs.org/micro-packed/-/micro-packed-0.6.3.tgz",
      "integrity": "sha512-VmVkyc7lIzAq/XCPFuLc/CwQ7Ehs5XDK3IwqsZHiBIDttAI9Gs7go6Lv4lNRuAIKrGKcRTtthFKUNyHS0S4wJQ==",
      "license": "MIT",
      "dependencies": {
        "@scure/base": "~1.1.5"
      },
      "funding": {
        "url": "https://paulmillr.com/funding/"
      }
    },
    "node_modules/micro-should": {
      "version": "0.4.0",
      "resolved": "https://registry.npmjs.org/micro-should/-/micro-should-0.4.0.tgz",
      "integrity": "sha512-Vclj8yrngSYc9Y3dL2C+AdUlTkyx/syWc4R7LYfk4h7+icfF0DoUBGjjUIaEDzZA19RzoI+Hg8rW9IRoNGP0tQ==",
      "dev": true,
      "license": "MIT"
    },
    "node_modules/prettier": {
      "version": "3.3.2",
      "resolved": "https://registry.npmjs.org/prettier/-/prettier-3.3.2.tgz",
      "integrity": "sha512-rAVeHYMcv8ATV5d508CFdn+8/pHPpXeIid1DdrPwXnaAdH7cqjVbpJaT5eq4yRAFU/lsbwYwSF/n5iNrdJHPQA==",
      "dev": true,
      "license": "MIT",
      "bin": {
        "prettier": "bin/prettier.cjs"
      },
      "engines": {
        "node": ">=14"
      },
      "funding": {
        "url": "https://github.com/prettier/prettier?sponsor=1"
      }
    },
    "node_modules/snappyjs": {
      "version": "0.7.0",
      "resolved": "https://registry.npmjs.org/snappyjs/-/snappyjs-0.7.0.tgz",
      "integrity": "sha512-u5iEEXkMe2EInQio6Wv9LWHOQYRDbD2O9hzS27GpT/lwfIQhTCnHCTqedqHIHe9ZcvQo+9au6vngQayipz1NYw==",
      "dev": true,
      "license": "MIT"
    },
    "node_modules/typescript": {
      "version": "5.5.2",
      "resolved": "https://registry.npmjs.org/typescript/-/typescript-5.5.2.tgz",
      "integrity": "sha512-NcRtPEOsPFFWjobJEtfihkLCZCXZt/os3zf8nTxjVH3RvTSxjrCamJpbExGvYOF+tFHc3pA65qpdwPbzjohhew==",
      "dev": true,
      "license": "Apache-2.0",
      "bin": {
        "tsc": "bin/tsc",
        "tsserver": "bin/tsserver"
      },
      "engines": {
        "node": ">=14.17"
      }
    },
    "node_modules/yaml": {
      "version": "2.4.1",
      "resolved": "https://registry.npmjs.org/yaml/-/yaml-2.4.1.tgz",
      "integrity": "sha512-pIXzoImaqmfOrL7teGUBt/T7ZDnyeGBWyXQBvOVhLkWLN37GXv8NMLK406UY6dS51JfcQHsmcW5cJ441bHg6Lg==",
      "dev": true,
      "license": "ISC",
      "bin": {
        "yaml": "bin.mjs"
      },
      "engines": {
        "node": ">= 14"
      }
    }
  }
}
