{
  "name": "micro-eth-signer",
  "version": "0.17.0",
  "lockfileVersion": 3,
  "requires": true,
  "packages": {
    "": {
      "name": "micro-eth-signer",
      "version": "0.17.0",
      "license": "MIT",
      "dependencies": {
        "@noble/curves": "^2.0.0-beta.3",
        "@noble/hashes": "^2.0.0-beta.5",
        "micro-packed": "^0.8.0-beta.1"
      },
      "devDependencies": {
        "@paulmillr/jsbt": "0.4.4",
        "@paulmillr/trusted-setups": "~0.3.0",
        "@types/node": "24.2.1",
        "micro-ftch": "0.4.3",
        "prettier": "3.6.2",
        "snappyjs": "0.7.0",
        "typescript": "5.9.2",
        "yaml": "2.4.1"
      },
      "engines": {
        "node": ">= 20.19.0"
      }
    },
    "node_modules/@noble/curves": {
      "version": "2.0.0-beta.3",
      "resolved": "https://registry.npmjs.org/@noble/curves/-/curves-2.0.0-beta.3.tgz",
      "integrity": "sha512-OHdVTVGr9r/Gvq0fmFNMXroa7Xbv1i53mTiB4YrMQWvsvRo3KrH9E+tD2/Tr2qwpn90LX9CUfuEOUFk60u7/Bw==",
      "license": "MIT",
      "dependencies": {
        "@noble/hashes": "2.0.0-beta.5"
      },
      "engines": {
        "node": ">= 20.19.0"
      },
      "funding": {
        "url": "https://paulmillr.com/funding/"
      }
    },
    "node_modules/@noble/hashes": {
      "version": "2.0.0-beta.5",
      "resolved": "https://registry.npmjs.org/@noble/hashes/-/hashes-2.0.0-beta.5.tgz",
      "integrity": "sha512-v3Q6oF/QtOKfzmpF6XRnfRgzF0UK5sTFrL2F+EGlxQblDtF/VzZs7CG4eegOJBYJcNdGXHWOvcI04PpoUFqUUg==",
      "license": "MIT",
      "engines": {
        "node": ">= 20.19.0"
      },
      "funding": {
        "url": "https://paulmillr.com/funding/"
      }
    },
    "node_modules/@paulmillr/jsbt": {
      "version": "0.4.4",
      "resolved": "https://registry.npmjs.org/@paulmillr/jsbt/-/jsbt-0.4.4.tgz",
      "integrity": "sha512-aYXEUKwGSkGL/LSmjD9ujf0elquGb1mU048FIqpYudbkz/hTwF8qnEa8gMxnT/ztJQOC8Z+sjWj72WiJO/eCUA==",
      "dev": true,
      "license": "MIT",
      "bin": {
        "jsbt": "jsbt.js"
      }
    },
    "node_modules/@paulmillr/trusted-setups": {
      "version": "0.3.0",
      "resolved": "https://registry.npmjs.org/@paulmillr/trusted-setups/-/trusted-setups-0.3.0.tgz",
      "integrity": "sha512-j752FHV8nYS8xG7msHj0kkakeeh/gUgcJM48i0sDihMcbHK1bmP2ZeObqyausF1NhfkDYkx5t30yKAuLQIWXog==",
      "dev": true,
      "license": "MIT"
    },
    "node_modules/@scure/base": {
      "version": "2.0.0-beta.1",
      "resolved": "https://registry.npmjs.org/@scure/base/-/base-2.0.0-beta.1.tgz",
      "integrity": "sha512-f8h3HNTGa5vQtSHh+D85L2wAW2S6pk4ImEA2zZ2h39oqbRvNhhUXu6a2UmAn4zbzuWFgwMGVUbYe9oxqYTKW8Q==",
      "license": "MIT",
      "funding": {
        "url": "https://paulmillr.com/funding/"
      }
    },
    "node_modules/@types/node": {
      "version": "24.2.1",
      "resolved": "https://registry.npmjs.org/@types/node/-/node-24.2.1.tgz",
      "integrity": "sha512-DRh5K+ka5eJic8CjH7td8QpYEV6Zo10gfRkjHCO3weqZHWDtAaSTFtl4+VMqOJ4N5jcuhZ9/l+yy8rVgw7BQeQ==",
      "dev": true,
      "license": "MIT",
      "dependencies": {
        "undici-types": "~7.10.0"
      }
    },
    "node_modules/micro-ftch": {
      "version": "0.4.3",
      "resolved": "https://registry.npmjs.org/micro-ftch/-/micro-ftch-0.4.3.tgz",
      "integrity": "sha512-XM01nKbECm+ygw77Gl1LPTuKr6BV0Fpzgj036ZdMed7W/3zTdKvAXUnsBWXhWDlmjwoHIm+FuAFj0X0IXbk+Ww==",
      "dev": true,
      "license": "MIT",
      "funding": {
        "url": "https://paulmillr.com/funding/"
      }
    },
    "node_modules/micro-packed": {
      "version": "0.8.0-beta.1",
      "resolved": "https://registry.npmjs.org/micro-packed/-/micro-packed-0.8.0-beta.1.tgz",
      "integrity": "sha512-NEyvCFIOAckUud+WzmRl1k6rQNeyH1HsG8SU1Rci+rPo8+qlSi6NOLGcz3EItRMUNRQ5P1sloYkCM8azmbEJ5w==",
      "license": "MIT",
      "dependencies": {
        "@scure/base": "2.0.0-beta.1"
      },
      "engines": {
        "node": ">= 20.19.0"
      },
      "funding": {
        "url": "https://paulmillr.com/funding/"
      }
    },
    "node_modules/prettier": {
      "version": "3.6.2",
      "resolved": "https://registry.npmjs.org/prettier/-/prettier-3.6.2.tgz",
      "integrity": "sha512-I7AIg5boAr5R0FFtJ6rCfD+LFsWHp81dolrFD8S79U9tb8Az2nGrJncnMSnys+bpQJfRUzqs9hnA81OAA3hCuQ==",
      "dev": true,
      "license": "MIT",
      "bin": {
        "prettier": "bin/prettier.cjs"
      },
      "engines": {
        "node": ">=14"
      },
      "funding": {
        "url": "https://github.com/prettier/prettier?sponsor=1"
      }
    },
    "node_modules/snappyjs": {
      "version": "0.7.0",
      "resolved": "https://registry.npmjs.org/snappyjs/-/snappyjs-0.7.0.tgz",
      "integrity": "sha512-u5iEEXkMe2EInQio6Wv9LWHOQYRDbD2O9hzS27GpT/lwfIQhTCnHCTqedqHIHe9ZcvQo+9au6vngQayipz1NYw==",
      "dev": true,
      "license": "MIT"
    },
    "node_modules/typescript": {
      "version": "5.9.2",
      "resolved": "https://registry.npmjs.org/typescript/-/typescript-5.9.2.tgz",
      "integrity": "sha512-CWBzXQrc/qOkhidw1OzBTQuYRbfyxDXJMVJ1XNwUHGROVmuaeiEm3OslpZ1RV96d7SKKjZKrSJu3+t/xlw3R9A==",
      "dev": true,
      "license": "Apache-2.0",
      "bin": {
        "tsc": "bin/tsc",
        "tsserver": "bin/tsserver"
      },
      "engines": {
        "node": ">=14.17"
      }
    },
    "node_modules/undici-types": {
      "version": "7.10.0",
      "resolved": "https://registry.npmjs.org/undici-types/-/undici-types-7.10.0.tgz",
      "integrity": "sha512-t5Fy/nfn+14LuOc2KNYg75vZqClpAiqscVvMygNnlsHBFpSXdJaYtXMcdNLpl/Qvc3P2cB3s6lOV51nqsFq4ag==",
      "dev": true,
      "license": "MIT"
    },
    "node_modules/yaml": {
      "version": "2.4.1",
      "resolved": "https://registry.npmjs.org/yaml/-/yaml-2.4.1.tgz",
      "integrity": "sha512-pIXzoImaqmfOrL7teGUBt/T7ZDnyeGBWyXQBvOVhLkWLN37GXv8NMLK406UY6dS51JfcQHsmcW5cJ441bHg6Lg==",
      "dev": true,
      "license": "ISC",
      "bin": {
        "yaml": "bin.mjs"
      },
      "engines": {
        "node": ">= 14"
      }
    }
  }
}
